
Microsoft Visual Studio Solution File, Format Version 12.00
# Visual Studio 15
VisualStudioVersion = 15.0.27130.2027
MinimumVisualStudioVersion = 10.0.40219.1
Project("{FAE04EC0-301F-11D3-BF4B-00C04F79EFBC}") = "SpeechAnalysis", "SpeechAnalysis.csproj", "{6EEEC65C-B8C9-4B47-A22C-B0EB4722D064}"
EndProject
Global
	GlobalSection(SolutionConfigurationPlatforms) = preSolution
		Debug|Any CPU = Debug|Any CPU
		Release|Any CPU = Release|Any CPU
	EndGlobalSection
	GlobalSection(ProjectConfigurationPlatforms) = postSolution
		{6EEEC65C-B8C9-4B47-A22C-B0EB4722D064}.Debug|Any CPU.ActiveCfg = Debug|Any CPU
		{6EEEC65C-B8C9-4B47-A22C-B0EB4722D064}.Debug|Any CPU.Build.0 = Debug|Any CPU
		{6EEEC65C-B8C9-4B47-A22C-B0EB4722D064}.Release|Any CPU.ActiveCfg = Release|Any CPU
		{6EEEC65C-B8C9-4B47-A22C-B0EB4722D064}.Release|Any CPU.Build.0 = Release|Any CPU
	EndGlobalSection
	GlobalSection(SolutionProperties) = preSolution
		HideSolutionNode = FALSE
	EndGlobalSection
	GlobalSection(ExtensibilityGlobals) = postSolution
		SolutionGuid = {A3890C65-142B-43D0-9783-C2EB39CB2F42}
	EndGlobalSection
EndGlobal
